
Microsoft Visual Studio Solution File, Format Version 12.00
# Visual Studio Version 17
VisualStudioVersion = 17.5.002.0
MinimumVisualStudioVersion = 10.0.40219.1
Project("{2150E333-8FDC-42A3-9474-1A3956D46DE8}") = "csharp-prep", "csharp-prep", "{96DCDEFF-E64F-4C4D-92CF-F899C716E908}"
EndProject
Project("{9A19103F-16F7-4668-BE54-9A1E7A4F7556}") = "Prep1", "csharp-prep\Prep1\Prep1.csproj", "{400DFCD9-FB03-4D6B-907B-FDE305B095C8}"
EndProject
Project("{9A19103F-16F7-4668-BE54-9A1E7A4F7556}") = "Prep2", "csharp-prep\Prep2\Prep2.csproj", "{20B5FEFC-99D7-4C8E-B17F-FB3D394925AF}"
EndProject
Project("{9A19103F-16F7-4668-BE54-9A1E7A4F7556}") = "Prep3", "csharp-prep\Prep3\Prep3.csproj", "{4341255F-3E7F-4358-97FE-742938D5BBBC}"
EndProject
Project("{9A19103F-16F7-4668-BE54-9A1E7A4F7556}") = "Prep4", "csharp-prep\Prep4\Prep4.csproj", "{0B4E3994-AF12-4799-BE72-00918B5F19B5}"
EndProject
Project("{9A19103F-16F7-4668-BE54-9A1E7A4F7556}") = "Prep5", "csharp-prep\Prep5\Prep5.csproj", "{C1972216-2675-4533-A5F4-D9AFC25D9688}"
EndProject
Project("{2150E333-8FDC-42A3-9474-1A3956D46DE8}") = "final", "final", "{70B76A16-B702-4649-8353-6B35725F878F}"
EndProject
Project("{9A19103F-16F7-4668-BE54-9A1E7A4F7556}") = "FinalProject", "final\FinalProject\FinalProject.csproj", "{496B7ADC-90F5-4FCD-9344-C31A8318C4B7}"
EndProject
Project("{9A19103F-16F7-4668-BE54-9A1E7A4F7556}") = "Foundation1", "final\Foundation1\Foundation1.csproj", "{E6EBB911-1CB6-4A4B-9070-1A65F4FE809F}"
EndProject
Project("{9A19103F-16F7-4668-BE54-9A1E7A4F7556}") = "Foundation2", "final\Foundation2\Foundation2.csproj", "{6058DE54-B852-4EB7-B583-CF6D950CB59D}"
EndProject
Project("{9A19103F-16F7-4668-BE54-9A1E7A4F7556}") = "Foundation3", "final\Foundation3\Foundation3.csproj", "{36FE4157-4830-4BF0-9F82-940C1306D58D}"
EndProject
Project("{9A19103F-16F7-4668-BE54-9A1E7A4F7556}") = "Foundation4", "final\Foundation4\Foundation4.csproj", "{89406475-0B51-4AAC-B80E-AE6D93D18119}"
EndProject
Project("{2150E333-8FDC-42A3-9474-1A3956D46DE8}") = "prepare", "prepare", "{243A30E2-F708-4554-849F-79166CF98C1A}"
EndProject
Project("{9A19103F-16F7-4668-BE54-9A1E7A4F7556}") = "Learning02", "prepare\Learning02\Learning02.csproj", "{0959116F-0F3C-4BB9-B26C-3C18E65D24F7}"
EndProject
Project("{9A19103F-16F7-4668-BE54-9A1E7A4F7556}") = "Learning03", "prepare\Learning03\Learning03.csproj", "{8DD10478-FDC4-4234-BCE5-8C17B3FBFB71}"
EndProject
Project("{9A19103F-16F7-4668-BE54-9A1E7A4F7556}") = "Learning04", "prepare\Learning04\Learning04.csproj", "{D252C974-45A0-47F9-8C98-BD233DE92E89}"
EndProject
Project("{9A19103F-16F7-4668-BE54-9A1E7A4F7556}") = "Learning05", "prepare\Learning05\Learning05.csproj", "{65D6BE63-30EF-4255-A22D-9D870AFD3610}"
EndProject
Project("{2150E333-8FDC-42A3-9474-1A3956D46DE8}") = "prove", "prove", "{2FC47BC2-49C6-426D-8FD0-07692D655097}"
EndProject
Project("{9A19103F-16F7-4668-BE54-9A1E7A4F7556}") = "Develop02", "prove\Develop02\Develop02.csproj", "{037E37F2-ED20-48E4-A682-12E7844DB242}"
EndProject
Project("{9A19103F-16F7-4668-BE54-9A1E7A4F7556}") = "Develop03", "prove\Develop03\Develop03.csproj", "{9D559B58-A4DD-48E7-9E99-F9B7705C5FEC}"
EndProject
Project("{9A19103F-16F7-4668-BE54-9A1E7A4F7556}") = "Develop04", "prove\Develop04\Develop04.csproj", "{B2CC14D6-CF74-40EA-9CB2-F35A1DC4722D}"
EndProject
Project("{9A19103F-16F7-4668-BE54-9A1E7A4F7556}") = "Develop05", "prove\Develop05\Develop05.csproj", "{B7FFF7B3-3BAA-40E3-890D-8C788EB07D31}"
EndProject
Project("{2150E333-8FDC-42A3-9474-1A3956D46DE8}") = "sandbox", "sandbox", "{EDFA074E-DFEB-4DEF-B4E1-4CA67DAA9D0E}"
EndProject
Project("{9A19103F-16F7-4668-BE54-9A1E7A4F7556}") = "Sandbox", "sandbox\Sandbox\Sandbox.csproj", "{341F9B41-8CEA-401E-985D-14CF44F9C2BB}"
EndProject
Global
	GlobalSection(SolutionConfigurationPlatforms) = preSolution
		Debug|Any CPU = Debug|Any CPU
		Release|Any CPU = Release|Any CPU
	EndGlobalSection
	GlobalSection(ProjectConfigurationPlatforms) = postSolution
		{400DFCD9-FB03-4D6B-907B-FDE305B095C8}.Debug|Any CPU.ActiveCfg = Debug|Any CPU
		{400DFCD9-FB03-4D6B-907B-FDE305B095C8}.Debug|Any CPU.Build.0 = Debug|Any CPU
		{400DFCD9-FB03-4D6B-907B-FDE305B095C8}.Release|Any CPU.ActiveCfg = Release|Any CPU
		{400DFCD9-FB03-4D6B-907B-FDE305B095C8}.Release|Any CPU.Build.0 = Release|Any CPU
		{20B5FEFC-99D7-4C8E-B17F-FB3D394925AF}.Debug|Any CPU.ActiveCfg = Debug|Any CPU
		{20B5FEFC-99D7-4C8E-B17F-FB3D394925AF}.Debug|Any CPU.Build.0 = Debug|Any CPU
		{20B5FEFC-99D7-4C8E-B17F-FB3D394925AF}.Release|Any CPU.ActiveCfg = Release|Any CPU
		{20B5FEFC-99D7-4C8E-B17F-FB3D394925AF}.Release|Any CPU.Build.0 = Release|Any CPU
		{4341255F-3E7F-4358-97FE-742938D5BBBC}.Debug|Any CPU.ActiveCfg = Debug|Any CPU
		{4341255F-3E7F-4358-97FE-742938D5BBBC}.Debug|Any CPU.Build.0 = Debug|Any CPU
		{4341255F-3E7F-4358-97FE-742938D5BBBC}.Release|Any CPU.ActiveCfg = Release|Any CPU
		{4341255F-3E7F-4358-97FE-742938D5BBBC}.Release|Any CPU.Build.0 = Release|Any CPU
		{0B4E3994-AF12-4799-BE72-00918B5F19B5}.Debug|Any CPU.ActiveCfg = Debug|Any CPU
		{0B4E3994-AF12-4799-BE72-00918B5F19B5}.Debug|Any CPU.Build.0 = Debug|Any CPU
		{0B4E3994-AF12-4799-BE72-00918B5F19B5}.Release|Any CPU.ActiveCfg = Release|Any CPU
		{0B4E3994-AF12-4799-BE72-00918B5F19B5}.Release|Any CPU.Build.0 = Release|Any CPU
		{C1972216-2675-4533-A5F4-D9AFC25D9688}.Debug|Any CPU.ActiveCfg = Debug|Any CPU
		{C1972216-2675-4533-A5F4-D9AFC25D9688}.Debug|Any CPU.Build.0 = Debug|Any CPU
		{C1972216-2675-4533-A5F4-D9AFC25D9688}.Release|Any CPU.ActiveCfg = Release|Any CPU
		{C1972216-2675-4533-A5F4-D9AFC25D9688}.Release|Any CPU.Build.0 = Release|Any CPU
		{496B7ADC-90F5-4FCD-9344-C31A8318C4B7}.Debug|Any CPU.ActiveCfg = Debug|Any CPU
		{496B7ADC-90F5-4FCD-9344-C31A8318C4B7}.Debug|Any CPU.Build.0 = Debug|Any CPU
		{496B7ADC-90F5-4FCD-9344-C31A8318C4B7}.Release|Any CPU.ActiveCfg = Release|Any CPU
		{496B7ADC-90F5-4FCD-9344-C31A8318C4B7}.Release|Any CPU.Build.0 = Release|Any CPU
		{E6EBB911-1CB6-4A4B-9070-1A65F4FE809F}.Debug|Any CPU.ActiveCfg = Debug|Any CPU
		{E6EBB911-1CB6-4A4B-9070-1A65F4FE809F}.Debug|Any CPU.Build.0 = Debug|Any CPU
		{E6EBB911-1CB6-4A4B-9070-1A65F4FE809F}.Release|Any CPU.ActiveCfg = Release|Any CPU
		{E6EBB911-1CB6-4A4B-9070-1A65F4FE809F}.Release|Any CPU.Build.0 = Release|Any CPU
		{6058DE54-B852-4EB7-B583-CF6D950CB59D}.Debug|Any CPU.ActiveCfg = Debug|Any CPU
		{6058DE54-B852-4EB7-B583-CF6D950CB59D}.Debug|Any CPU.Build.0 = Debug|Any CPU
		{6058DE54-B852-4EB7-B583-CF6D950CB59D}.Release|Any CPU.ActiveCfg = Release|Any CPU
		{6058DE54-B852-4EB7-B583-CF6D950CB59D}.Release|Any CPU.Build.0 = Release|Any CPU
		{36FE4157-4830-4BF0-9F82-940C1306D58D}.Debug|Any CPU.ActiveCfg = Debug|Any CPU
		{36FE4157-4830-4BF0-9F82-940C1306D58D}.Debug|Any CPU.Build.0 = Debug|Any CPU
		{36FE4157-4830-4BF0-9F82-940C1306D58D}.Release|Any CPU.ActiveCfg = Release|Any CPU
		{36FE4157-4830-4BF0-9F82-940C1306D58D}.Release|Any CPU.Build.0 = Release|Any CPU
		{89406475-0B51-4AAC-B80E-AE6D93D18119}.Debug|Any CPU.ActiveCfg = Debug|Any CPU
		{89406475-0B51-4AAC-B80E-AE6D93D18119}.Debug|Any CPU.Build.0 = Debug|Any CPU
		{89406475-0B51-4AAC-B80E-AE6D93D18119}.Release|Any CPU.ActiveCfg = Release|Any CPU
		{89406475-0B51-4AAC-B80E-AE6D93D18119}.Release|Any CPU.Build.0 = Release|Any CPU
		{0959116F-0F3C-4BB9-B26C-3C18E65D24F7}.Debug|Any CPU.ActiveCfg = Debug|Any CPU
		{0959116F-0F3C-4BB9-B26C-3C18E65D24F7}.Debug|Any CPU.Build.0 = Debug|Any CPU
		{0959116F-0F3C-4BB9-B26C-3C18E65D24F7}.Release|Any CPU.ActiveCfg = Release|Any CPU
		{0959116F-0F3C-4BB9-B26C-3C18E65D24F7}.Release|Any CPU.Build.0 = Release|Any CPU
		{8DD10478-FDC4-4234-BCE5-8C17B3FBFB71}.Debug|Any CPU.ActiveCfg = Debug|Any CPU
		{8DD10478-FDC4-4234-BCE5-8C17B3FBFB71}.Debug|Any CPU.Build.0 = Debug|Any CPU
		{8DD10478-FDC4-4234-BCE5-8C17B3FBFB71}.Release|Any CPU.ActiveCfg = Release|Any CPU
		{8DD10478-FDC4-4234-BCE5-8C17B3FBFB71}.Release|Any CPU.Build.0 = Release|Any CPU
		{D252C974-45A0-47F9-8C98-BD233DE92E89}.Debug|Any CPU.ActiveCfg = Debug|Any CPU
		{D252C974-45A0-47F9-8C98-BD233DE92E89}.Debug|Any CPU.Build.0 = Debug|Any CPU
		{D252C974-45A0-47F9-8C98-BD233DE92E89}.Release|Any CPU.ActiveCfg = Release|Any CPU
		{D252C974-45A0-47F9-8C98-BD233DE92E89}.Release|Any CPU.Build.0 = Release|Any CPU
		{65D6BE63-30EF-4255-A22D-9D870AFD3610}.Debug|Any CPU.ActiveCfg = Debug|Any CPU
		{65D6BE63-30EF-4255-A22D-9D870AFD3610}.Debug|Any CPU.Build.0 = Debug|Any CPU
		{65D6BE63-30EF-4255-A22D-9D870AFD3610}.Release|Any CPU.ActiveCfg = Release|Any CPU
		{65D6BE63-30EF-4255-A22D-9D870AFD3610}.Release|Any CPU.Build.0 = Release|Any CPU
		{037E37F2-ED20-48E4-A682-12E7844DB242}.Debug|Any CPU.ActiveCfg = Debug|Any CPU
		{037E37F2-ED20-48E4-A682-12E7844DB242}.Debug|Any CPU.Build.0 = Debug|Any CPU
		{037E37F2-ED20-48E4-A682-12E7844DB242}.Release|Any CPU.ActiveCfg = Release|Any CPU
		{037E37F2-ED20-48E4-A682-12E7844DB242}.Release|Any CPU.Build.0 = Release|Any CPU
		{9D559B58-A4DD-48E7-9E99-F9B7705C5FEC}.Debug|Any CPU.ActiveCfg = Debug|Any CPU
		{9D559B58-A4DD-48E7-9E99-F9B7705C5FEC}.Debug|Any CPU.Build.0 = Debug|Any CPU
		{9D559B58-A4DD-48E7-9E99-F9B7705C5FEC}.Release|Any CPU.ActiveCfg = Release|Any CPU
		{9D559B58-A4DD-48E7-9E99-F9B7705C5FEC}.Release|Any CPU.Build.0 = Release|Any CPU
		{B2CC14D6-CF74-40EA-9CB2-F35A1DC4722D}.Debug|Any CPU.ActiveCfg = Debug|Any CPU
		{B2CC14D6-CF74-40EA-9CB2-F35A1DC4722D}.Debug|Any CPU.Build.0 = Debug|Any CPU
		{B2CC14D6-CF74-40EA-9CB2-F35A1DC4722D}.Release|Any CPU.ActiveCfg = Release|Any CPU
		{B2CC14D6-CF74-40EA-9CB2-F35A1DC4722D}.Release|Any CPU.Build.0 = Release|Any CPU
		{B7FFF7B3-3BAA-40E3-890D-8C788EB07D31}.Debug|Any CPU.ActiveCfg = Debug|Any CPU
		{B7FFF7B3-3BAA-40E3-890D-8C788EB07D31}.Debug|Any CPU.Build.0 = Debug|Any CPU
		{B7FFF7B3-3BAA-40E3-890D-8C788EB07D31}.Release|Any CPU.ActiveCfg = Release|Any CPU
		{B7FFF7B3-3BAA-40E3-890D-8C788EB07D31}.Release|Any CPU.Build.0 = Release|Any CPU
		{341F9B41-8CEA-401E-985D-14CF44F9C2BB}.Debug|Any CPU.ActiveCfg = Debug|Any CPU
		{341F9B41-8CEA-401E-985D-14CF44F9C2BB}.Debug|Any CPU.Build.0 = Debug|Any CPU
		{341F9B41-8CEA-401E-985D-14CF44F9C2BB}.Release|Any CPU.ActiveCfg = Release|Any CPU
		{341F9B41-8CEA-401E-985D-14CF44F9C2BB}.Release|Any CPU.Build.0 = Release|Any CPU
	EndGlobalSection
	GlobalSection(SolutionProperties) = preSolution
		HideSolutionNode = FALSE
	EndGlobalSection
	GlobalSection(NestedProjects) = preSolution
		{400DFCD9-FB03-4D6B-907B-FDE305B095C8} = {96DCDEFF-E64F-4C4D-92CF-F899C716E908}
		{20B5FEFC-99D7-4C8E-B17F-FB3D394925AF} = {96DCDEFF-E64F-4C4D-92CF-F899C716E908}
		{4341255F-3E7F-4358-97FE-742938D5BBBC} = {96DCDEFF-E64F-4C4D-92CF-F899C716E908}
		{0B4E3994-AF12-4799-BE72-00918B5F19B5} = {96DCDEFF-E64F-4C4D-92CF-F899C716E908}
		{C1972216-2675-4533-A5F4-D9AFC25D9688} = {96DCDEFF-E64F-4C4D-92CF-F899C716E908}
		{496B7ADC-90F5-4FCD-9344-C31A8318C4B7} = {70B76A16-B702-4649-8353-6B35725F878F}
		{E6EBB911-1CB6-4A4B-9070-1A65F4FE809F} = {70B76A16-B702-4649-8353-6B35725F878F}
		{6058DE54-B852-4EB7-B583-CF6D950CB59D} = {70B76A16-B702-4649-8353-6B35725F878F}
		{36FE4157-4830-4BF0-9F82-940C1306D58D} = {70B76A16-B702-4649-8353-6B35725F878F}
		{89406475-0B51-4AAC-B80E-AE6D93D18119} = {70B76A16-B702-4649-8353-6B35725F878F}
		{0959116F-0F3C-4BB9-B26C-3C18E65D24F7} = {243A30E2-F708-4554-849F-79166CF98C1A}
		{8DD10478-FDC4-4234-BCE5-8C17B3FBFB71} = {243A30E2-F708-4554-849F-79166CF98C1A}
		{D252C974-45A0-47F9-8C98-BD233DE92E89} = {243A30E2-F708-4554-849F-79166CF98C1A}
		{65D6BE63-30EF-4255-A22D-9D870AFD3610} = {243A30E2-F708-4554-849F-79166CF98C1A}
		{037E37F2-ED20-48E4-A682-12E7844DB242} = {2FC47BC2-49C6-426D-8FD0-07692D655097}
		{9D559B58-A4DD-48E7-9E99-F9B7705C5FEC} = {2FC47BC2-49C6-426D-8FD0-07692D655097}
		{B2CC14D6-CF74-40EA-9CB2-F35A1DC4722D} = {2FC47BC2-49C6-426D-8FD0-07692D655097}
		{B7FFF7B3-3BAA-40E3-890D-8C788EB07D31} = {2FC47BC2-49C6-426D-8FD0-07692D655097}
		{341F9B41-8CEA-401E-985D-14CF44F9C2BB} = {EDFA074E-DFEB-4DEF-B4E1-4CA67DAA9D0E}
	EndGlobalSection
	GlobalSection(ExtensibilityGlobals) = postSolution
		SolutionGuid = {72F06C14-47A9-4BEF-9920-BB6428EA5852}
	EndGlobalSection
EndGlobal
